
Microsoft Visual Studio Solution File, Format Version 12.00
# Visual Studio Version 17
VisualStudioVersion = 17.4.33213.308
MinimumVisualStudioVersion = 10.0.40219.1
Project("{2150E333-8FDC-42A3-9474-1A3956D46DE8}") = "01-Aprensentacao", "01-Aprensentacao", "{CA92ECB9-6E66-4B4E-A14B-8B8B39BE0D58}"
EndProject
Project("{FAE04EC0-301F-11D3-BF4B-00C04F79EFBC}") = "UMFG.Venda.Aprensetacao", "UMFG.Venda.Aprensetacao\UMFG.Venda.Aprensetacao.csproj", "{FF6C1184-4F50-4AF0-BA54-A07E52CCAF21}"
EndProject
Global
	GlobalSection(SolutionConfigurationPlatforms) = preSolution
		Debug|Any CPU = Debug|Any CPU
		Release|Any CPU = Release|Any CPU
	EndGlobalSection
	GlobalSection(ProjectConfigurationPlatforms) = postSolution
		{FF6C1184-4F50-4AF0-BA54-A07E52CCAF21}.Debug|Any CPU.ActiveCfg = Debug|Any CPU
		{FF6C1184-4F50-4AF0-BA54-A07E52CCAF21}.Debug|Any CPU.Build.0 = Debug|Any CPU
		{FF6C1184-4F50-4AF0-BA54-A07E52CCAF21}.Release|Any CPU.ActiveCfg = Release|Any CPU
		{FF6C1184-4F50-4AF0-BA54-A07E52CCAF21}.Release|Any CPU.Build.0 = Release|Any CPU
	EndGlobalSection
	GlobalSection(SolutionProperties) = preSolution
		HideSolutionNode = FALSE
	EndGlobalSection
	GlobalSection(NestedProjects) = preSolution
		{FF6C1184-4F50-4AF0-BA54-A07E52CCAF21} = {CA92ECB9-6E66-4B4E-A14B-8B8B39BE0D58}
	EndGlobalSection
	GlobalSection(ExtensibilityGlobals) = postSolution
		SolutionGuid = {EAC93586-485C-4B01-8D0F-2886004154A3}
	EndGlobalSection
EndGlobal
